
Microsoft Visual Studio Solution File, Format Version 11.00
# Visual Studio 2010
Project("{FAE04EC0-301F-11D3-BF4B-00C04F79EFBC}") = "Assembly-CSharp", "Assembly-CSharp.csproj", "{1D4B476B-CDA9-3C01-E95B-FB6A9D62786D}"
EndProject
Global
	GlobalSection(SolutionConfigurationPlatforms) = preSolution
		Debug|Any CPU = Debug|Any CPU
		Release|Any CPU = Release|Any CPU
	EndGlobalSection
	GlobalSection(ProjectConfigurationPlatforms) = postSolution
		{1D4B476B-CDA9-3C01-E95B-FB6A9D62786D}.Debug|Any CPU.ActiveCfg = Debug|Any CPU
		{1D4B476B-CDA9-3C01-E95B-FB6A9D62786D}.Debug|Any CPU.Build.0 = Debug|Any CPU
		{1D4B476B-CDA9-3C01-E95B-FB6A9D62786D}.Release|Any CPU.ActiveCfg = Release|Any CPU
		{1D4B476B-CDA9-3C01-E95B-FB6A9D62786D}.Release|Any CPU.Build.0 = Release|Any CPU
	EndGlobalSection
	GlobalSection(SolutionProperties) = preSolution
		HideSolutionNode = FALSE
	EndGlobalSection
EndGlobal
